
Microsoft Visual Studio Solution File, Format Version 12.00
# Visual Studio Version 16
VisualStudioVersion = 16.0.31729.503
MinimumVisualStudioVersion = 10.0.40219.1
Project("{9A19103F-16F7-4668-BE54-9A1E7A4F7556}") = "soru1", "aa\soru1.csproj", "{707B4692-B09A-4ED9-A35E-D133655B0623}"
EndProject
Global
	GlobalSection(SolutionConfigurationPlatforms) = preSolution
		Debug|Any CPU = Debug|Any CPU
		Release|Any CPU = Release|Any CPU
	EndGlobalSection
	GlobalSection(ProjectConfigurationPlatforms) = postSolution
		{707B4692-B09A-4ED9-A35E-D133655B0623}.Debug|Any CPU.ActiveCfg = Debug|Any CPU
		{707B4692-B09A-4ED9-A35E-D133655B0623}.Debug|Any CPU.Build.0 = Debug|Any CPU
		{707B4692-B09A-4ED9-A35E-D133655B0623}.Release|Any CPU.ActiveCfg = Release|Any CPU
		{707B4692-B09A-4ED9-A35E-D133655B0623}.Release|Any CPU.Build.0 = Release|Any CPU
	EndGlobalSection
	GlobalSection(SolutionProperties) = preSolution
		HideSolutionNode = FALSE
	EndGlobalSection
	GlobalSection(ExtensibilityGlobals) = postSolution
		SolutionGuid = {82E8D2EB-1432-4C37-A25A-251C2AB6DB08}
	EndGlobalSection
EndGlobal
